// !$*UTF8*$!
{
	archiveVersion = 1;
	classes = {
	};
	objectVersion = 46;
	objects = {

/* Begin PBXBuildFile section */
		912980781493F8F800D73EC7 /* main.cpp in Sources */ = {isa = PBXBuildFile; fileRef = 912980771493F8F800D73EC7 /* main.cpp */; };
		9129807A1493F8F800D73EC7 /* Meta.1 in CopyFiles */ = {isa = PBXBuildFile; fileRef = 912980791493F8F800D73EC7 /* Meta.1 */; };
/* End PBXBuildFile section */

/* Begin PBXCopyFilesBuildPhase section */
		912980711493F8F800D73EC7 /* CopyFiles */ = {
			isa = PBXCopyFilesBuildPhase;
			buildActionMask = 2147483647;
			dstPath = /usr/share/man/man1/;
			dstSubfolderSpec = 0;
			files = (
				9129807A1493F8F800D73EC7 /* Meta.1 in CopyFiles */,
			);
			runOnlyForDeploymentPostprocessing = 1;
		};
/* End PBXCopyFilesBuildPhase section */

/* Begin PBXFileReference section */
		9113110E14A248DF00DE36E6 /* subset.h */ = {isa = PBXFileReference; fileEncoding = 4; lastKnownFileType = sourcecode.c.h; path = subset.h; sourceTree = "<group>"; };
		9113110F14A24A1200DE36E6 /* subset.h */ = {isa = PBXFileReference; fileEncoding = 4; lastKnownFileType = sourcecode.c.h; path = subset.h; sourceTree = "<group>"; };
		91142E8214B217F400B243C6 /* max.h */ = {isa = PBXFileReference; fileEncoding = 4; lastKnownFileType = sourcecode.c.h; path = max.h; sourceTree = "<group>"; };
		911DBC5F149E111900AA168A /* advance.h */ = {isa = PBXFileReference; fileEncoding = 4; lastKnownFileType = sourcecode.c.h; path = advance.h; sourceTree = "<group>"; };
		911DBC60149E118E00AA168A /* advance.h */ = {isa = PBXFileReference; fileEncoding = 4; lastKnownFileType = sourcecode.c.h; path = advance.h; sourceTree = "<group>"; };
		911DBC65149E417400AA168A /* find.h */ = {isa = PBXFileReference; fileEncoding = 4; lastKnownFileType = sourcecode.c.h; path = find.h; sourceTree = "<group>"; };
		911DBC66149E428A00AA168A /* distance.h */ = {isa = PBXFileReference; fileEncoding = 4; lastKnownFileType = sourcecode.c.h; path = distance.h; sourceTree = "<group>"; };
		911DBC67149E432A00AA168A /* comparable.h */ = {isa = PBXFileReference; fileEncoding = 4; lastKnownFileType = sourcecode.c.h; path = comparable.h; sourceTree = "<group>"; };
		911DBC69149E68DC00AA168A /* find.h */ = {isa = PBXFileReference; fileEncoding = 4; lastKnownFileType = sourcecode.c.h; path = find.h; sourceTree = "<group>"; };
		911DBC6A149E74F400AA168A /* count.h */ = {isa = PBXFileReference; fileEncoding = 4; lastKnownFileType = sourcecode.c.h; path = count.h; sourceTree = "<group>"; };
		911DBC6B149E763000AA168A /* count.h */ = {isa = PBXFileReference; fileEncoding = 4; lastKnownFileType = sourcecode.c.h; path = count.h; sourceTree = "<group>"; };
		912980731493F8F800D73EC7 /* Meta */ = {isa = PBXFileReference; explicitFileType = "compiled.mach-o.executable"; includeInIndex = 0; path = Meta; sourceTree = BUILT_PRODUCTS_DIR; };
		912980771493F8F800D73EC7 /* main.cpp */ = {isa = PBXFileReference; lastKnownFileType = sourcecode.cpp.cpp; lineEnding = 0; name = main.cpp; path = Meta/main.cpp; sourceTree = "<group>"; xcLanguageSpecificationIdentifier = xcode.lang.cpp; };
		912980791493F8F800D73EC7 /* Meta.1 */ = {isa = PBXFileReference; lastKnownFileType = text.man; path = Meta.1; sourceTree = "<group>"; };
		91698ED114AF953700DF4575 /* lazy_instantiate.h */ = {isa = PBXFileReference; fileEncoding = 4; lastKnownFileType = sourcecode.c.h; path = lazy_instantiate.h; sourceTree = "<group>"; };
		91698ED314AF95D500DF4575 /* identity.h */ = {isa = PBXFileReference; fileEncoding = 4; lastKnownFileType = sourcecode.c.h; path = identity.h; sourceTree = "<group>"; };
		9171288414B31ED900625C7F /* multimap.h */ = {isa = PBXFileReference; fileEncoding = 4; lastKnownFileType = sourcecode.c.h; name = multimap.h; path = Meta/meta/types/multimap.h; sourceTree = SOURCE_ROOT; };
		9171288514B31F4900625C7F /* at.h */ = {isa = PBXFileReference; fileEncoding = 4; lastKnownFileType = sourcecode.c.h; lineEnding = 0; path = at.h; sourceTree = "<group>"; xcLanguageSpecificationIdentifier = xcode.lang.objcpp; };
		9171288614B31F4900625C7F /* create.h */ = {isa = PBXFileReference; fileEncoding = 4; lastKnownFileType = sourcecode.c.h; lineEnding = 0; path = create.h; sourceTree = "<group>"; xcLanguageSpecificationIdentifier = xcode.lang.objcpp; };
		9171288714B31F4900625C7F /* erase.h */ = {isa = PBXFileReference; fileEncoding = 4; lastKnownFileType = sourcecode.c.h; path = erase.h; sourceTree = "<group>"; };
		9171288914B31F4900625C7F /* at.h */ = {isa = PBXFileReference; fileEncoding = 4; lastKnownFileType = sourcecode.c.h; lineEnding = 0; path = at.h; sourceTree = "<group>"; xcLanguageSpecificationIdentifier = xcode.lang.objcpp; };
		9171288A14B31F4900625C7F /* balance.h */ = {isa = PBXFileReference; fileEncoding = 4; lastKnownFileType = sourcecode.c.h; path = balance.h; sourceTree = "<group>"; };
		9171288B14B31F4900625C7F /* create.h */ = {isa = PBXFileReference; fileEncoding = 4; lastKnownFileType = sourcecode.c.h; path = create.h; sourceTree = "<group>"; };
		9171288C14B31F4900625C7F /* erase.h */ = {isa = PBXFileReference; fileEncoding = 4; lastKnownFileType = sourcecode.c.h; lineEnding = 0; path = erase.h; sourceTree = "<group>"; xcLanguageSpecificationIdentifier = xcode.lang.objcpp; };
		9171288D14B31F4900625C7F /* insert.h */ = {isa = PBXFileReference; fileEncoding = 4; lastKnownFileType = sourcecode.c.h; path = insert.h; sourceTree = "<group>"; };
		9171288E14B31F4900625C7F /* left_height.h */ = {isa = PBXFileReference; fileEncoding = 4; lastKnownFileType = sourcecode.c.h; path = left_height.h; sourceTree = "<group>"; };
		9171288F14B31F4900625C7F /* node.h */ = {isa = PBXFileReference; fileEncoding = 4; lastKnownFileType = sourcecode.c.h; path = node.h; sourceTree = "<group>"; };
		9171289014B31F4900625C7F /* minimum.h */ = {isa = PBXFileReference; fileEncoding = 4; lastKnownFileType = sourcecode.c.h; path = minimum.h; sourceTree = "<group>"; };
		9171289114B31F4900625C7F /* right_height.h */ = {isa = PBXFileReference; fileEncoding = 4; lastKnownFileType = sourcecode.c.h; path = right_height.h; sourceTree = "<group>"; };
		9171289214B31F4900625C7F /* rotate_left.h */ = {isa = PBXFileReference; fileEncoding = 4; lastKnownFileType = sourcecode.c.h; path = rotate_left.h; sourceTree = "<group>"; };
		9171289314B31F4900625C7F /* rotate_left_large.h */ = {isa = PBXFileReference; fileEncoding = 4; lastKnownFileType = sourcecode.c.h; path = rotate_left_large.h; sourceTree = "<group>"; };
		9171289414B31F4900625C7F /* rotate_left_small.h */ = {isa = PBXFileReference; fileEncoding = 4; lastKnownFileType = sourcecode.c.h; path = rotate_left_small.h; sourceTree = "<group>"; };
		9171289514B31F4900625C7F /* rotate_right.h */ = {isa = PBXFileReference; fileEncoding = 4; lastKnownFileType = sourcecode.c.h; path = rotate_right.h; sourceTree = "<group>"; };
		9171289614B31F4900625C7F /* rotate_right_large.h */ = {isa = PBXFileReference; fileEncoding = 4; lastKnownFileType = sourcecode.c.h; path = rotate_right_large.h; sourceTree = "<group>"; };
		9171289714B31F4900625C7F /* rotate_right_small.h */ = {isa = PBXFileReference; fileEncoding = 4; lastKnownFileType = sourcecode.c.h; path = rotate_right_small.h; sourceTree = "<group>"; };
		9171289814B31F4900625C7F /* insert.h */ = {isa = PBXFileReference; fileEncoding = 4; lastKnownFileType = sourcecode.c.h; path = insert.h; sourceTree = "<group>"; };
		9171289A14B31F4900625C7F /* minimum.h */ = {isa = PBXFileReference; fileEncoding = 4; lastKnownFileType = sourcecode.c.h; path = minimum.h; sourceTree = "<group>"; };
		9171289B14B3280B00625C7F /* instance.h */ = {isa = PBXFileReference; fileEncoding = 4; lastKnownFileType = sourcecode.c.h; path = instance.h; sourceTree = "<group>"; };
		9171289C14B32FFD00625C7F /* pair.h */ = {isa = PBXFileReference; fileEncoding = 4; lastKnownFileType = sourcecode.c.h; path = pair.h; sourceTree = "<group>"; };
		9171289D14B3306300625C7F /* integer.h */ = {isa = PBXFileReference; fileEncoding = 4; lastKnownFileType = sourcecode.c.h; path = integer.h; sourceTree = "<group>"; };
		9171289E14B3371500625C7F /* rational.h */ = {isa = PBXFileReference; fileEncoding = 4; lastKnownFileType = sourcecode.c.h; path = rational.h; sourceTree = "<group>"; };
		9171289F14B33D9F00625C7F /* map.h */ = {isa = PBXFileReference; fileEncoding = 4; lastKnownFileType = sourcecode.c.h; path = map.h; sourceTree = "<group>"; };
		917128A114B33E1B00625C7F /* at.h */ = {isa = PBXFileReference; fileEncoding = 4; lastKnownFileType = sourcecode.c.h; path = at.h; sourceTree = "<group>"; };
		917128A214B33E8400625C7F /* create.h */ = {isa = PBXFileReference; fileEncoding = 4; lastKnownFileType = sourcecode.c.h; path = create.h; sourceTree = "<group>"; };
		917128A314B33EC300625C7F /* erase.h */ = {isa = PBXFileReference; fileEncoding = 4; lastKnownFileType = sourcecode.c.h; path = erase.h; sourceTree = "<group>"; };
		917128A414B33F9700625C7F /* instance.h */ = {isa = PBXFileReference; fileEncoding = 4; lastKnownFileType = sourcecode.c.h; path = instance.h; sourceTree = "<group>"; };
		917128A514B3400700625C7F /* insert.h */ = {isa = PBXFileReference; fileEncoding = 4; lastKnownFileType = sourcecode.c.h; path = insert.h; sourceTree = "<group>"; };
		917128A714B341C600625C7F /* create.h */ = {isa = PBXFileReference; fileEncoding = 4; lastKnownFileType = sourcecode.c.h; path = create.h; sourceTree = "<group>"; };
		9183E317149F9B460006B1DA /* common.h */ = {isa = PBXFileReference; fileEncoding = 4; lastKnownFileType = sourcecode.c.h; path = common.h; sourceTree = "<group>"; };
		9183E318149F9B7A0006B1DA /* select.h */ = {isa = PBXFileReference; fileEncoding = 4; lastKnownFileType = sourcecode.c.h; path = select.h; sourceTree = "<group>"; };
		9183E319149F9D500006B1DA /* value_list.h */ = {isa = PBXFileReference; fileEncoding = 4; lastKnownFileType = sourcecode.c.h; path = value_list.h; sourceTree = "<group>"; };
		918AA45814B87E770019436D /* insert.h */ = {isa = PBXFileReference; fileEncoding = 4; lastKnownFileType = sourcecode.c.h; path = insert.h; sourceTree = "<group>"; };
		918D9615149CC01B00B01A20 /* at.h */ = {isa = PBXFileReference; fileEncoding = 4; lastKnownFileType = sourcecode.c.h; path = at.h; sourceTree = "<group>"; };
		918D9616149CC01B00B01A20 /* begin.h */ = {isa = PBXFileReference; fileEncoding = 4; lastKnownFileType = sourcecode.c.h; path = begin.h; sourceTree = "<group>"; };
		918D9617149CC01B00B01A20 /* end.h */ = {isa = PBXFileReference; fileEncoding = 4; lastKnownFileType = sourcecode.c.h; path = end.h; sourceTree = "<group>"; };
		918D9618149CC01B00B01A20 /* get_pattern.h */ = {isa = PBXFileReference; fileEncoding = 4; lastKnownFileType = sourcecode.c.h; path = get_pattern.h; sourceTree = "<group>"; };
		918D9619149CC01B00B01A20 /* get_types.h */ = {isa = PBXFileReference; fileEncoding = 4; lastKnownFileType = sourcecode.c.h; path = get_types.h; sourceTree = "<group>"; };
		918D961B149CC01B00B01A20 /* at.h */ = {isa = PBXFileReference; fileEncoding = 4; lastKnownFileType = sourcecode.c.h; path = at.h; sourceTree = "<group>"; };
		918D961C149CC01B00B01A20 /* wrap.h */ = {isa = PBXFileReference; fileEncoding = 4; lastKnownFileType = sourcecode.c.h; path = wrap.h; sourceTree = "<group>"; };
		918D961D149CC01B00B01A20 /* unwrap.h */ = {isa = PBXFileReference; fileEncoding = 4; lastKnownFileType = sourcecode.c.h; path = unwrap.h; sourceTree = "<group>"; };
		918D961F149CC01B00B01A20 /* raw_iterator.h */ = {isa = PBXFileReference; fileEncoding = 4; lastKnownFileType = sourcecode.c.h; path = raw_iterator.h; sourceTree = "<group>"; };
		918D9620149CC01B00B01A20 /* iteration.h */ = {isa = PBXFileReference; fileEncoding = 4; lastKnownFileType = sourcecode.c.h; path = iteration.h; sourceTree = "<group>"; };
		918D9621149CC01B00B01A20 /* iterator.h */ = {isa = PBXFileReference; fileEncoding = 4; lastKnownFileType = sourcecode.c.h; path = iterator.h; sourceTree = "<group>"; };
		918D9622149CC01B00B01A20 /* next.h */ = {isa = PBXFileReference; fileEncoding = 4; lastKnownFileType = sourcecode.c.h; path = next.h; sourceTree = "<group>"; };
		918D9623149CC01B00B01A20 /* access.h */ = {isa = PBXFileReference; fileEncoding = 4; lastKnownFileType = sourcecode.c.h; path = access.h; sourceTree = "<group>"; };
		918D9625149CC01B00B01A20 /* instantiate.h */ = {isa = PBXFileReference; fileEncoding = 4; lastKnownFileType = sourcecode.c.h; path = instantiate.h; sourceTree = "<group>"; };
		918D9626149CC01B00B01A20 /* reinstantiate.h */ = {isa = PBXFileReference; fileEncoding = 4; lastKnownFileType = sourcecode.c.h; path = reinstantiate.h; sourceTree = "<group>"; };
		918D9627149CC01B00B01A20 /* repattern.h */ = {isa = PBXFileReference; fileEncoding = 4; lastKnownFileType = sourcecode.c.h; path = repattern.h; sourceTree = "<group>"; };
		918D9628149CC01B00B01A20 /* creation.h */ = {isa = PBXFileReference; fileEncoding = 4; lastKnownFileType = sourcecode.c.h; path = creation.h; sourceTree = "<group>"; };
		918D962A149CC01B00B01A20 /* has_next.h */ = {isa = PBXFileReference; fileEncoding = 4; lastKnownFileType = sourcecode.c.h; path = has_next.h; sourceTree = "<group>"; };
		918D962B149CC01B00B01A20 /* size.h */ = {isa = PBXFileReference; fileEncoding = 4; lastKnownFileType = sourcecode.c.h; path = size.h; sourceTree = "<group>"; };
		918D962C149CC01B00B01A20 /* inspection.h */ = {isa = PBXFileReference; fileEncoding = 4; lastKnownFileType = sourcecode.c.h; path = inspection.h; sourceTree = "<group>"; };
		918D962E149CC01B00B01A20 /* clear.h */ = {isa = PBXFileReference; fileEncoding = 4; lastKnownFileType = sourcecode.c.h; path = clear.h; sourceTree = "<group>"; };
		918D962F149CC01B00B01A20 /* deletion.h */ = {isa = PBXFileReference; fileEncoding = 4; lastKnownFileType = sourcecode.c.h; path = deletion.h; sourceTree = "<group>"; };
		918D9630149CC01B00B01A20 /* erase.h */ = {isa = PBXFileReference; fileEncoding = 4; lastKnownFileType = sourcecode.c.h; path = erase.h; sourceTree = "<group>"; };
		918D9631149CC01B00B01A20 /* head.h */ = {isa = PBXFileReference; fileEncoding = 4; lastKnownFileType = sourcecode.c.h; path = head.h; sourceTree = "<group>"; };
		918D9633149CC01B00B01A20 /* clear.h */ = {isa = PBXFileReference; fileEncoding = 4; lastKnownFileType = sourcecode.c.h; path = clear.h; sourceTree = "<group>"; };
		918D9634149CC01B00B01A20 /* erase.h */ = {isa = PBXFileReference; fileEncoding = 4; lastKnownFileType = sourcecode.c.h; path = erase.h; sourceTree = "<group>"; };
		918D9635149CC01B00B01A20 /* head.h */ = {isa = PBXFileReference; fileEncoding = 4; lastKnownFileType = sourcecode.c.h; path = head.h; sourceTree = "<group>"; };
		918D9636149CC01B00B01A20 /* insert.h */ = {isa = PBXFileReference; fileEncoding = 4; lastKnownFileType = sourcecode.c.h; path = insert.h; sourceTree = "<group>"; };
		918D9637149CC01B00B01A20 /* merge.h */ = {isa = PBXFileReference; fileEncoding = 4; lastKnownFileType = sourcecode.c.h; path = merge.h; sourceTree = "<group>"; };
		918D9638149CC01B00B01A20 /* move_left.h */ = {isa = PBXFileReference; fileEncoding = 4; lastKnownFileType = sourcecode.c.h; path = move_left.h; sourceTree = "<group>"; };
		918D9639149CC01B00B01A20 /* pop_front.h */ = {isa = PBXFileReference; fileEncoding = 4; lastKnownFileType = sourcecode.c.h; path = pop_front.h; sourceTree = "<group>"; };
		918D963A149CC01B00B01A20 /* push_back.h */ = {isa = PBXFileReference; fileEncoding = 4; lastKnownFileType = sourcecode.c.h; path = push_back.h; sourceTree = "<group>"; };
		918D963B149CC01B00B01A20 /* push_front.h */ = {isa = PBXFileReference; fileEncoding = 4; lastKnownFileType = sourcecode.c.h; path = push_front.h; sourceTree = "<group>"; };
		918D963C149CC01B00B01A20 /* replace.h */ = {isa = PBXFileReference; fileEncoding = 4; lastKnownFileType = sourcecode.c.h; path = replace.h; sourceTree = "<group>"; };
		918D963D149CC01B00B01A20 /* reverse.h */ = {isa = PBXFileReference; fileEncoding = 4; lastKnownFileType = sourcecode.c.h; path = reverse.h; sourceTree = "<group>"; };
		918D963E149CC01B00B01A20 /* split.h */ = {isa = PBXFileReference; fileEncoding = 4; lastKnownFileType = sourcecode.c.h; path = split.h; sourceTree = "<group>"; };
		918D963F149CC01B00B01A20 /* subsequence.h */ = {isa = PBXFileReference; fileEncoding = 4; lastKnownFileType = sourcecode.c.h; lineEnding = 0; path = subsequence.h; sourceTree = "<group>"; xcLanguageSpecificationIdentifier = xcode.lang.objcpp; };
		918D9640149CC01B00B01A20 /* tail.h */ = {isa = PBXFileReference; fileEncoding = 4; lastKnownFileType = sourcecode.c.h; path = tail.h; sourceTree = "<group>"; };
		918D9641149CC01B00B01A20 /* insert.h */ = {isa = PBXFileReference; fileEncoding = 4; lastKnownFileType = sourcecode.c.h; path = insert.h; sourceTree = "<group>"; };
		918D9642149CC01B00B01A20 /* insertion.h */ = {isa = PBXFileReference; fileEncoding = 4; lastKnownFileType = sourcecode.c.h; path = insertion.h; sourceTree = "<group>"; };
		918D9643149CC01B00B01A20 /* partition.h */ = {isa = PBXFileReference; fileEncoding = 4; lastKnownFileType = sourcecode.c.h; lineEnding = 0; path = partition.h; sourceTree = "<group>"; xcLanguageSpecificationIdentifier = xcode.lang.objcpp; };
		918D9644149CC01B00B01A20 /* pop_back.h */ = {isa = PBXFileReference; fileEncoding = 4; lastKnownFileType = sourcecode.c.h; path = pop_back.h; sourceTree = "<group>"; };
		918D9645149CC01B00B01A20 /* pop_front.h */ = {isa = PBXFileReference; fileEncoding = 4; lastKnownFileType = sourcecode.c.h; path = pop_front.h; sourceTree = "<group>"; };
		918D9646149CC01B00B01A20 /* push_back.h */ = {isa = PBXFileReference; fileEncoding = 4; lastKnownFileType = sourcecode.c.h; path = push_back.h; sourceTree = "<group>"; };
		918D9647149CC01B00B01A20 /* push_front.h */ = {isa = PBXFileReference; fileEncoding = 4; lastKnownFileType = sourcecode.c.h; path = push_front.h; sourceTree = "<group>"; };
		918D9648149CC01B00B01A20 /* replace.h */ = {isa = PBXFileReference; fileEncoding = 4; lastKnownFileType = sourcecode.c.h; path = replace.h; sourceTree = "<group>"; };
		918D9649149CC01B00B01A20 /* reverse.h */ = {isa = PBXFileReference; fileEncoding = 4; lastKnownFileType = sourcecode.c.h; path = reverse.h; sourceTree = "<group>"; };
		918D964A149CC01B00B01A20 /* split.h */ = {isa = PBXFileReference; fileEncoding = 4; lastKnownFileType = sourcecode.c.h; path = split.h; sourceTree = "<group>"; };
		918D964B149CC01B00B01A20 /* subsequence.h */ = {isa = PBXFileReference; fileEncoding = 4; lastKnownFileType = sourcecode.c.h; lineEnding = 0; path = subsequence.h; sourceTree = "<group>"; xcLanguageSpecificationIdentifier = xcode.lang.objcpp; };
		918D964C149CC01B00B01A20 /* substitution.h */ = {isa = PBXFileReference; fileEncoding = 4; lastKnownFileType = sourcecode.c.h; path = substitution.h; sourceTree = "<group>"; };
		918D964D149CC01B00B01A20 /* tail.h */ = {isa = PBXFileReference; fileEncoding = 4; lastKnownFileType = sourcecode.c.h; path = tail.h; sourceTree = "<group>"; };
		918D964E149CC01B00B01A20 /* transformation.h */ = {isa = PBXFileReference; fileEncoding = 4; lastKnownFileType = sourcecode.c.h; path = transformation.h; sourceTree = "<group>"; };
		918D964F149CC01B00B01A20 /* modification.h */ = {isa = PBXFileReference; fileEncoding = 4; lastKnownFileType = sourcecode.c.h; path = modification.h; sourceTree = "<group>"; };
		918D9651149CC01B00B01A20 /* pattern_list.h */ = {isa = PBXFileReference; fileEncoding = 4; lastKnownFileType = sourcecode.c.h; path = pattern_list.h; sourceTree = "<group>"; };
		918D9652149CC01B00B01A20 /* type_list.h */ = {isa = PBXFileReference; fileEncoding = 4; lastKnownFileType = sourcecode.c.h; path = type_list.h; sourceTree = "<group>"; };
		918D9653149CC01B00B01A20 /* types.h */ = {isa = PBXFileReference; fileEncoding = 4; lastKnownFileType = sourcecode.c.h; path = types.h; sourceTree = "<group>"; };
/* End PBXFileReference section */

/* Begin PBXFrameworksBuildPhase section */
		912980701493F8F800D73EC7 /* Frameworks */ = {
			isa = PBXFrameworksBuildPhase;
			buildActionMask = 2147483647;
			files = (
			);
			runOnlyForDeploymentPostprocessing = 0;
		};
/* End PBXFrameworksBuildPhase section */

/* Begin PBXGroup section */
		911DBC68149E68D500AA168A /* implementation */ = {
			isa = PBXGroup;
			children = (
				911DBC69149E68DC00AA168A /* find.h */,
				911DBC6B149E763000AA168A /* count.h */,
			);
			path = implementation;
			sourceTree = "<group>";
		};
		912980681493F8F800D73EC7 = {
			isa = PBXGroup;
			children = (
				912980771493F8F800D73EC7 /* main.cpp */,
				912980761493F8F800D73EC7 /* Meta */,
				912980741493F8F800D73EC7 /* Products */,
			);
			sourceTree = "<group>";
		};
		912980741493F8F800D73EC7 /* Products */ = {
			isa = PBXGroup;
			children = (
				912980731493F8F800D73EC7 /* Meta */,
			);
			name = Products;
			sourceTree = "<group>";
		};
		912980761493F8F800D73EC7 /* Meta */ = {
			isa = PBXGroup;
			children = (
				918D9613149CC01B00B01A20 /* meta */,
				912980791493F8F800D73EC7 /* Meta.1 */,
			);
			path = Meta;
			sourceTree = "<group>";
		};
		9171288314B31E6600625C7F /* multimap */ = {
			isa = PBXGroup;
			children = (
				9171288514B31F4900625C7F /* at.h */,
				9171288614B31F4900625C7F /* create.h */,
				9171288714B31F4900625C7F /* erase.h */,
				9171288814B31F4900625C7F /* implementation */,
				9171289814B31F4900625C7F /* insert.h */,
				9171289B14B3280B00625C7F /* instance.h */,
				9171289A14B31F4900625C7F /* minimum.h */,
			);
			path = multimap;
			sourceTree = "<group>";
		};
		9171288814B31F4900625C7F /* implementation */ = {
			isa = PBXGroup;
			children = (
				9171288914B31F4900625C7F /* at.h */,
				9171288A14B31F4900625C7F /* balance.h */,
				9171288B14B31F4900625C7F /* create.h */,
				9171288C14B31F4900625C7F /* erase.h */,
				9171288D14B31F4900625C7F /* insert.h */,
				9171288E14B31F4900625C7F /* left_height.h */,
				9171288F14B31F4900625C7F /* node.h */,
				9171289014B31F4900625C7F /* minimum.h */,
				9171289114B31F4900625C7F /* right_height.h */,
				9171289214B31F4900625C7F /* rotate_left.h */,
				9171289314B31F4900625C7F /* rotate_left_large.h */,
				9171289414B31F4900625C7F /* rotate_left_small.h */,
				9171289514B31F4900625C7F /* rotate_right.h */,
				9171289614B31F4900625C7F /* rotate_right_large.h */,
				9171289714B31F4900625C7F /* rotate_right_small.h */,
			);
			path = implementation;
			sourceTree = "<group>";
		};
		917128A014B33DAB00625C7F /* map */ = {
			isa = PBXGroup;
			children = (
				917128A114B33E1B00625C7F /* at.h */,
				917128A214B33E8400625C7F /* create.h */,
				917128A314B33EC300625C7F /* erase.h */,
				917128A614B341B200625C7F /* implementation */,
				917128A514B3400700625C7F /* insert.h */,
				917128A414B33F9700625C7F /* instance.h */,
			);
			path = map;
			sourceTree = "<group>";
		};
		917128A614B341B200625C7F /* implementation */ = {
			isa = PBXGroup;
			children = (
				917128A714B341C600625C7F /* create.h */,
				918AA45814B87E770019436D /* insert.h */,
			);
			path = implementation;
			sourceTree = "<group>";
		};
		9183E315149F9B3E0006B1DA /* common */ = {
			isa = PBXGroup;
			children = (
				9183E318149F9B7A0006B1DA /* select.h */,
				91698ED314AF95D500DF4575 /* identity.h */,
				91142E8214B217F400B243C6 /* max.h */,
			);
			path = common;
			sourceTree = "<group>";
		};
		918D9613149CC01B00B01A20 /* meta */ = {
			isa = PBXGroup;
			children = (
				918D9614149CC01B00B01A20 /* access */,
				918D9623149CC01B00B01A20 /* access.h */,
				9183E315149F9B3E0006B1DA /* common */,
				9183E317149F9B460006B1DA /* common.h */,
				918D9624149CC01B00B01A20 /* creation */,
				918D9628149CC01B00B01A20 /* creation.h */,
				918D9629149CC01B00B01A20 /* inspection */,
				918D962C149CC01B00B01A20 /* inspection.h */,
				918D962D149CC01B00B01A20 /* modification */,
				918D964F149CC01B00B01A20 /* modification.h */,
				918D9650149CC01B00B01A20 /* types */,
				918D9653149CC01B00B01A20 /* types.h */,
			);
			path = meta;
			sourceTree = "<group>";
		};
		918D9614149CC01B00B01A20 /* access */ = {
			isa = PBXGroup;
			children = (
				918D9615149CC01B00B01A20 /* at.h */,
				918D9616149CC01B00B01A20 /* begin.h */,
				918D9617149CC01B00B01A20 /* end.h */,
				918D9618149CC01B00B01A20 /* get_pattern.h */,
				918D9619149CC01B00B01A20 /* get_types.h */,
				918D961A149CC01B00B01A20 /* implementation */,
				918D9620149CC01B00B01A20 /* iteration.h */,
				918D9621149CC01B00B01A20 /* iterator.h */,
				918D9622149CC01B00B01A20 /* next.h */,
				911DBC5F149E111900AA168A /* advance.h */,
			);
			path = access;
			sourceTree = "<group>";
		};
		918D961A149CC01B00B01A20 /* implementation */ = {
			isa = PBXGroup;
			children = (
				911DBC60149E118E00AA168A /* advance.h */,
				918D961B149CC01B00B01A20 /* at.h */,
				918D961F149CC01B00B01A20 /* raw_iterator.h */,
				918D961D149CC01B00B01A20 /* unwrap.h */,
				918D961C149CC01B00B01A20 /* wrap.h */,
			);
			path = implementation;
			sourceTree = "<group>";
		};
		918D9624149CC01B00B01A20 /* creation */ = {
			isa = PBXGroup;
			children = (
				918D9625149CC01B00B01A20 /* instantiate.h */,
				918D9626149CC01B00B01A20 /* reinstantiate.h */,
				918D9627149CC01B00B01A20 /* repattern.h */,
				91698ED114AF953700DF4575 /* lazy_instantiate.h */,
			);
			path = creation;
			sourceTree = "<group>";
		};
		918D9629149CC01B00B01A20 /* inspection */ = {
			isa = PBXGroup;
			children = (
				911DBC68149E68D500AA168A /* implementation */,
				918D962A149CC01B00B01A20 /* has_next.h */,
				918D962B149CC01B00B01A20 /* size.h */,
				911DBC65149E417400AA168A /* find.h */,
				911DBC66149E428A00AA168A /* distance.h */,
				911DBC67149E432A00AA168A /* comparable.h */,
				911DBC6A149E74F400AA168A /* count.h */,
			);
			path = inspection;
			sourceTree = "<group>";
		};
		918D962D149CC01B00B01A20 /* modification */ = {
			isa = PBXGroup;
			children = (
				918D962E149CC01B00B01A20 /* clear.h */,
				918D962F149CC01B00B01A20 /* deletion.h */,
				918D9630149CC01B00B01A20 /* erase.h */,
				918D9631149CC01B00B01A20 /* head.h */,
				918D9632149CC01B00B01A20 /* implementation */,
				918D9641149CC01B00B01A20 /* insert.h */,
				918D9642149CC01B00B01A20 /* insertion.h */,
				918D9643149CC01B00B01A20 /* partition.h */,
				918D9644149CC01B00B01A20 /* pop_back.h */,
				918D9645149CC01B00B01A20 /* pop_front.h */,
				918D9646149CC01B00B01A20 /* push_back.h */,
				918D9647149CC01B00B01A20 /* push_front.h */,
				918D9648149CC01B00B01A20 /* replace.h */,
				918D9649149CC01B00B01A20 /* reverse.h */,
				918D964A149CC01B00B01A20 /* split.h */,
				918D964B149CC01B00B01A20 /* subsequence.h */,
				918D964C149CC01B00B01A20 /* substitution.h */,
				918D964D149CC01B00B01A20 /* tail.h */,
				918D964E149CC01B00B01A20 /* transformation.h */,
				9113110E14A248DF00DE36E6 /* subset.h */,
			);
			path = modification;
			sourceTree = "<group>";
		};
		918D9632149CC01B00B01A20 /* implementation */ = {
			isa = PBXGroup;
			children = (
				918D9633149CC01B00B01A20 /* clear.h */,
				918D9634149CC01B00B01A20 /* erase.h */,
				918D9635149CC01B00B01A20 /* head.h */,
				918D9636149CC01B00B01A20 /* insert.h */,
				918D9637149CC01B00B01A20 /* merge.h */,
				918D9638149CC01B00B01A20 /* move_left.h */,
				918D9639149CC01B00B01A20 /* pop_front.h */,
				918D963A149CC01B00B01A20 /* push_back.h */,
				918D963B149CC01B00B01A20 /* push_front.h */,
				918D963C149CC01B00B01A20 /* replace.h */,
				918D963D149CC01B00B01A20 /* reverse.h */,
				918D963E149CC01B00B01A20 /* split.h */,
				918D963F149CC01B00B01A20 /* subsequence.h */,
				918D9640149CC01B00B01A20 /* tail.h */,
				9113110F14A24A1200DE36E6 /* subset.h */,
			);
			path = implementation;
			sourceTree = "<group>";
		};
		918D9650149CC01B00B01A20 /* types */ = {
			isa = PBXGroup;
			children = (
				9171289D14B3306300625C7F /* integer.h */,
				917128A014B33DAB00625C7F /* map */,
				9171289F14B33D9F00625C7F /* map.h */,
				9171288314B31E6600625C7F /* multimap */,
				9171288414B31ED900625C7F /* multimap.h */,
				9171289C14B32FFD00625C7F /* pair.h */,
				918D9651149CC01B00B01A20 /* pattern_list.h */,
				9171289E14B3371500625C7F /* rational.h */,
				918D9652149CC01B00B01A20 /* type_list.h */,
				9183E319149F9D500006B1DA /* value_list.h */,
			);
			path = types;
			sourceTree = "<group>";
		};
/* End PBXGroup section */

/* Begin PBXNativeTarget section */
		912980721493F8F800D73EC7 /* Meta */ = {
			isa = PBXNativeTarget;
			buildConfigurationList = 9129807D1493F8F800D73EC7 /* Build configuration list for PBXNativeTarget "Meta" */;
			buildPhases = (
				9129806F1493F8F800D73EC7 /* Sources */,
				912980701493F8F800D73EC7 /* Frameworks */,
				912980711493F8F800D73EC7 /* CopyFiles */,
			);
			buildRules = (
			);
			dependencies = (
			);
			name = Meta;
			productName = Meta;
			productReference = 912980731493F8F800D73EC7 /* Meta */;
			productType = "com.apple.product-type.tool";
		};
/* End PBXNativeTarget section */

/* Begin PBXProject section */
		9129806A1493F8F800D73EC7 /* Project object */ = {
			isa = PBXProject;
			attributes = {
				LastUpgradeCheck = 0420;
			};
			buildConfigurationList = 9129806D1493F8F800D73EC7 /* Build configuration list for PBXProject "Meta" */;
			compatibilityVersion = "Xcode 3.2";
			developmentRegion = English;
			hasScannedForEncodings = 0;
			knownRegions = (
				en,
			);
			mainGroup = 912980681493F8F800D73EC7;
			productRefGroup = 912980741493F8F800D73EC7 /* Products */;
			projectDirPath = "";
			projectRoot = "";
			targets = (
				912980721493F8F800D73EC7 /* Meta */,
			);
		};
/* End PBXProject section */

/* Begin PBXSourcesBuildPhase section */
		9129806F1493F8F800D73EC7 /* Sources */ = {
			isa = PBXSourcesBuildPhase;
			buildActionMask = 2147483647;
			files = (
				912980781493F8F800D73EC7 /* main.cpp in Sources */,
			);
			runOnlyForDeploymentPostprocessing = 0;
		};
/* End PBXSourcesBuildPhase section */

/* Begin XCBuildConfiguration section */
		9129807B1493F8F800D73EC7 /* Debug */ = {
			isa = XCBuildConfiguration;
			buildSettings = {
				ALWAYS_SEARCH_USER_PATHS = NO;
				ARCHS = "$(ARCHS_STANDARD_64_BIT)";
				CLANG_CXX_LANGUAGE_STANDARD = "c++0x";
				CLANG_CXX_LIBRARY = "libc++";
				COPY_PHASE_STRIP = NO;
				GCC_C_LANGUAGE_STANDARD = gnu99;
				GCC_DYNAMIC_NO_PIC = NO;
				GCC_ENABLE_OBJC_EXCEPTIONS = YES;
				GCC_OPTIMIZATION_LEVEL = 0;
				GCC_PREPROCESSOR_DEFINITIONS = (
					"DEBUG=1",
					"$(inherited)",
				);
				GCC_SYMBOLS_PRIVATE_EXTERN = NO;
				GCC_VERSION = com.apple.compilers.llvm.clang.1_0;
				GCC_WARN_64_TO_32_BIT_CONVERSION = YES;
				GCC_WARN_ABOUT_MISSING_PROTOTYPES = YES;
				GCC_WARN_ABOUT_RETURN_TYPE = YES;
				GCC_WARN_UNUSED_VARIABLE = YES;
				HEADER_SEARCH_PATHS = $SRCROOT/Meta;
				MACOSX_DEPLOYMENT_TARGET = 10.7;
				ONLY_ACTIVE_ARCH = YES;
				SDKROOT = macosx;
			};
			name = Debug;
		};
		9129807C1493F8F800D73EC7 /* Release */ = {
			isa = XCBuildConfiguration;
			buildSettings = {
				ALWAYS_SEARCH_USER_PATHS = NO;
				ARCHS = "$(ARCHS_STANDARD_64_BIT)";
				CLANG_CXX_LANGUAGE_STANDARD = "c++0x";
				CLANG_CXX_LIBRARY = "libc++";
				COPY_PHASE_STRIP = YES;
				DEBUG_INFORMATION_FORMAT = "dwarf-with-dsym";
				GCC_C_LANGUAGE_STANDARD = gnu99;
				GCC_ENABLE_OBJC_EXCEPTIONS = YES;
				GCC_VERSION = com.apple.compilers.llvm.clang.1_0;
				GCC_WARN_64_TO_32_BIT_CONVERSION = YES;
				GCC_WARN_ABOUT_MISSING_PROTOTYPES = YES;
				GCC_WARN_ABOUT_RETURN_TYPE = YES;
				GCC_WARN_UNUSED_VARIABLE = YES;
				HEADER_SEARCH_PATHS = $SRCROOT/Meta;
				MACOSX_DEPLOYMENT_TARGET = 10.7;
				SDKROOT = macosx;
			};
			name = Release;
		};
		9129807E1493F8F800D73EC7 /* Debug */ = {
			isa = XCBuildConfiguration;
			buildSettings = {
				PRODUCT_NAME = "$(TARGET_NAME)";
			};
			name = Debug;
		};
		9129807F1493F8F800D73EC7 /* Release */ = {
			isa = XCBuildConfiguration;
			buildSettings = {
				PRODUCT_NAME = "$(TARGET_NAME)";
			};
			name = Release;
		};
/* End XCBuildConfiguration section */

/* Begin XCConfigurationList section */
		9129806D1493F8F800D73EC7 /* Build configuration list for PBXProject "Meta" */ = {
			isa = XCConfigurationList;
			buildConfigurations = (
				9129807B1493F8F800D73EC7 /* Debug */,
				9129807C1493F8F800D73EC7 /* Release */,
			);
			defaultConfigurationIsVisible = 0;
			defaultConfigurationName = Release;
		};
		9129807D1493F8F800D73EC7 /* Build configuration list for PBXNativeTarget "Meta" */ = {
			isa = XCConfigurationList;
			buildConfigurations = (
				9129807E1493F8F800D73EC7 /* Debug */,
				9129807F1493F8F800D73EC7 /* Release */,
			);
			defaultConfigurationIsVisible = 0;
			defaultConfigurationName = Release;
		};
/* End XCConfigurationList section */
	};
	rootObject = 9129806A1493F8F800D73EC7 /* Project object */;
}
