// !$*UTF8*$!
{
	archiveVersion = 1;
	classes = {
	};
	objectVersion = 46;
	objects = {

/* Begin PBXBuildFile section */
		912980781493F8F800D73EC7 /* main.cpp in Sources */ = {isa = PBXBuildFile; fileRef = 912980771493F8F800D73EC7 /* main.cpp */; };
		9129807A1493F8F800D73EC7 /* Meta.1 in CopyFiles */ = {isa = PBXBuildFile; fileRef = 912980791493F8F800D73EC7 /* Meta.1 */; };
/* End PBXBuildFile section */

/* Begin PBXCopyFilesBuildPhase section */
		912980711493F8F800D73EC7 /* CopyFiles */ = {
			isa = PBXCopyFilesBuildPhase;
			buildActionMask = 2147483647;
			dstPath = /usr/share/man/man1/;
			dstSubfolderSpec = 0;
			files = (
				9129807A1493F8F800D73EC7 /* Meta.1 in CopyFiles */,
			);
			runOnlyForDeploymentPostprocessing = 1;
		};
/* End PBXCopyFilesBuildPhase section */

/* Begin PBXFileReference section */
		912980731493F8F800D73EC7 /* Meta */ = {isa = PBXFileReference; explicitFileType = "compiled.mach-o.executable"; includeInIndex = 0; path = Meta; sourceTree = BUILT_PRODUCTS_DIR; };
		912980771493F8F800D73EC7 /* main.cpp */ = {isa = PBXFileReference; lastKnownFileType = sourcecode.cpp.cpp; path = main.cpp; sourceTree = "<group>"; };
		912980791493F8F800D73EC7 /* Meta.1 */ = {isa = PBXFileReference; lastKnownFileType = text.man; path = Meta.1; sourceTree = "<group>"; };
		91CE3F2A1494131C00859FC8 /* at.h */ = {isa = PBXFileReference; fileEncoding = 4; lastKnownFileType = sourcecode.c.h; path = at.h; sourceTree = "<group>"; };
		91CE3F2B1494131C00859FC8 /* get_pattern.h */ = {isa = PBXFileReference; fileEncoding = 4; lastKnownFileType = sourcecode.c.h; path = get_pattern.h; sourceTree = "<group>"; };
		91CE3F2C1494131C00859FC8 /* get_types.h */ = {isa = PBXFileReference; fileEncoding = 4; lastKnownFileType = sourcecode.c.h; path = get_types.h; sourceTree = "<group>"; };
		91CE3F2E1494131C00859FC8 /* at.h */ = {isa = PBXFileReference; fileEncoding = 4; lastKnownFileType = sourcecode.c.h; path = at.h; sourceTree = "<group>"; };
		91CE3F2F1494131C00859FC8 /* access.h */ = {isa = PBXFileReference; fileEncoding = 4; lastKnownFileType = sourcecode.c.h; path = access.h; sourceTree = "<group>"; };
		91CE3F311494131C00859FC8 /* instantiate.h */ = {isa = PBXFileReference; fileEncoding = 4; lastKnownFileType = sourcecode.c.h; path = instantiate.h; sourceTree = "<group>"; };
		91CE3F321494131C00859FC8 /* reinstantiate.h */ = {isa = PBXFileReference; fileEncoding = 4; lastKnownFileType = sourcecode.c.h; path = reinstantiate.h; sourceTree = "<group>"; };
		91CE3F331494131C00859FC8 /* repattern.h */ = {isa = PBXFileReference; fileEncoding = 4; lastKnownFileType = sourcecode.c.h; path = repattern.h; sourceTree = "<group>"; };
		91CE3F341494131C00859FC8 /* creation.h */ = {isa = PBXFileReference; fileEncoding = 4; lastKnownFileType = sourcecode.c.h; path = creation.h; sourceTree = "<group>"; };
		91CE3F361494131C00859FC8 /* size.h */ = {isa = PBXFileReference; fileEncoding = 4; lastKnownFileType = sourcecode.c.h; path = size.h; sourceTree = "<group>"; };
		91CE3F371494131C00859FC8 /* inspection.h */ = {isa = PBXFileReference; fileEncoding = 4; lastKnownFileType = sourcecode.c.h; path = inspection.h; sourceTree = "<group>"; };
		91CE3F391494131C00859FC8 /* clear.h */ = {isa = PBXFileReference; fileEncoding = 4; lastKnownFileType = sourcecode.c.h; path = clear.h; sourceTree = "<group>"; };
		91CE3F3A1494131C00859FC8 /* deletion.h */ = {isa = PBXFileReference; fileEncoding = 4; lastKnownFileType = sourcecode.c.h; path = deletion.h; sourceTree = "<group>"; };
		91CE3F3B1494131C00859FC8 /* erase.h */ = {isa = PBXFileReference; fileEncoding = 4; lastKnownFileType = sourcecode.c.h; path = erase.h; sourceTree = "<group>"; };
		91CE3F3C1494131C00859FC8 /* head.h */ = {isa = PBXFileReference; fileEncoding = 4; lastKnownFileType = sourcecode.c.h; path = head.h; sourceTree = "<group>"; };
		91CE3F3E1494131C00859FC8 /* clear.h */ = {isa = PBXFileReference; fileEncoding = 4; lastKnownFileType = sourcecode.c.h; path = clear.h; sourceTree = "<group>"; };
		91CE3F3F1494131C00859FC8 /* erase.h */ = {isa = PBXFileReference; fileEncoding = 4; lastKnownFileType = sourcecode.c.h; path = erase.h; sourceTree = "<group>"; };
		91CE3F401494131C00859FC8 /* head.h */ = {isa = PBXFileReference; fileEncoding = 4; lastKnownFileType = sourcecode.c.h; path = head.h; sourceTree = "<group>"; };
		91CE3F411494131C00859FC8 /* insert.h */ = {isa = PBXFileReference; fileEncoding = 4; lastKnownFileType = sourcecode.c.h; path = insert.h; sourceTree = "<group>"; };
		91CE3F421494131C00859FC8 /* merge.h */ = {isa = PBXFileReference; fileEncoding = 4; lastKnownFileType = sourcecode.c.h; path = merge.h; sourceTree = "<group>"; };
		91CE3F431494131C00859FC8 /* move_left.h */ = {isa = PBXFileReference; fileEncoding = 4; lastKnownFileType = sourcecode.c.h; path = move_left.h; sourceTree = "<group>"; };
		91CE3F441494131C00859FC8 /* pop_front.h */ = {isa = PBXFileReference; fileEncoding = 4; lastKnownFileType = sourcecode.c.h; path = pop_front.h; sourceTree = "<group>"; };
		91CE3F451494131C00859FC8 /* push_back.h */ = {isa = PBXFileReference; fileEncoding = 4; lastKnownFileType = sourcecode.c.h; path = push_back.h; sourceTree = "<group>"; };
		91CE3F461494131C00859FC8 /* push_front.h */ = {isa = PBXFileReference; fileEncoding = 4; lastKnownFileType = sourcecode.c.h; path = push_front.h; sourceTree = "<group>"; };
		91CE3F471494131C00859FC8 /* replace.h */ = {isa = PBXFileReference; fileEncoding = 4; lastKnownFileType = sourcecode.c.h; path = replace.h; sourceTree = "<group>"; };
		91CE3F481494131C00859FC8 /* split.h */ = {isa = PBXFileReference; fileEncoding = 4; lastKnownFileType = sourcecode.c.h; path = split.h; sourceTree = "<group>"; };
		91CE3F491494131C00859FC8 /* sub.h */ = {isa = PBXFileReference; fileEncoding = 4; lastKnownFileType = sourcecode.c.h; path = sub.h; sourceTree = "<group>"; };
		91CE3F4A1494131C00859FC8 /* tail.h */ = {isa = PBXFileReference; fileEncoding = 4; lastKnownFileType = sourcecode.c.h; path = tail.h; sourceTree = "<group>"; };
		91CE3F4B1494131C00859FC8 /* insert.h */ = {isa = PBXFileReference; fileEncoding = 4; lastKnownFileType = sourcecode.c.h; path = insert.h; sourceTree = "<group>"; };
		91CE3F4C1494131C00859FC8 /* insertion.h */ = {isa = PBXFileReference; fileEncoding = 4; lastKnownFileType = sourcecode.c.h; path = insertion.h; sourceTree = "<group>"; };
		91CE3F4D1494131C00859FC8 /* partition.h */ = {isa = PBXFileReference; fileEncoding = 4; lastKnownFileType = sourcecode.c.h; path = partition.h; sourceTree = "<group>"; };
		91CE3F4E1494131C00859FC8 /* pop_back.h */ = {isa = PBXFileReference; fileEncoding = 4; lastKnownFileType = sourcecode.c.h; path = pop_back.h; sourceTree = "<group>"; };
		91CE3F4F1494131C00859FC8 /* pop_front.h */ = {isa = PBXFileReference; fileEncoding = 4; lastKnownFileType = sourcecode.c.h; path = pop_front.h; sourceTree = "<group>"; };
		91CE3F501494131C00859FC8 /* push_back.h */ = {isa = PBXFileReference; fileEncoding = 4; lastKnownFileType = sourcecode.c.h; path = push_back.h; sourceTree = "<group>"; };
		91CE3F511494131C00859FC8 /* push_front.h */ = {isa = PBXFileReference; fileEncoding = 4; lastKnownFileType = sourcecode.c.h; path = push_front.h; sourceTree = "<group>"; };
		91CE3F521494131C00859FC8 /* replace.h */ = {isa = PBXFileReference; fileEncoding = 4; lastKnownFileType = sourcecode.c.h; path = replace.h; sourceTree = "<group>"; };
		91CE3F531494131C00859FC8 /* split.h */ = {isa = PBXFileReference; fileEncoding = 4; lastKnownFileType = sourcecode.c.h; path = split.h; sourceTree = "<group>"; };
		91CE3F541494131C00859FC8 /* sub.h */ = {isa = PBXFileReference; fileEncoding = 4; lastKnownFileType = sourcecode.c.h; path = sub.h; sourceTree = "<group>"; };
		91CE3F551494131C00859FC8 /* substitution.h */ = {isa = PBXFileReference; fileEncoding = 4; lastKnownFileType = sourcecode.c.h; path = substitution.h; sourceTree = "<group>"; };
		91CE3F561494131C00859FC8 /* tail.h */ = {isa = PBXFileReference; fileEncoding = 4; lastKnownFileType = sourcecode.c.h; path = tail.h; sourceTree = "<group>"; };
		91CE3F571494131C00859FC8 /* transformation.h */ = {isa = PBXFileReference; fileEncoding = 4; lastKnownFileType = sourcecode.c.h; path = transformation.h; sourceTree = "<group>"; };
		91CE3F591494131C00859FC8 /* type_list.h */ = {isa = PBXFileReference; fileEncoding = 4; lastKnownFileType = sourcecode.c.h; path = type_list.h; sourceTree = "<group>"; };
		91CE3F5A1494131C00859FC8 /* utilities.h */ = {isa = PBXFileReference; fileEncoding = 4; lastKnownFileType = sourcecode.c.h; path = utilities.h; sourceTree = "<group>"; };
/* End PBXFileReference section */

/* Begin PBXFrameworksBuildPhase section */
		912980701493F8F800D73EC7 /* Frameworks */ = {
			isa = PBXFrameworksBuildPhase;
			buildActionMask = 2147483647;
			files = (
			);
			runOnlyForDeploymentPostprocessing = 0;
		};
/* End PBXFrameworksBuildPhase section */

/* Begin PBXGroup section */
		912980681493F8F800D73EC7 = {
			isa = PBXGroup;
			children = (
				912980761493F8F800D73EC7 /* Meta */,
				912980741493F8F800D73EC7 /* Products */,
			);
			sourceTree = "<group>";
		};
		912980741493F8F800D73EC7 /* Products */ = {
			isa = PBXGroup;
			children = (
				912980731493F8F800D73EC7 /* Meta */,
			);
			name = Products;
			sourceTree = "<group>";
		};
		912980761493F8F800D73EC7 /* Meta */ = {
			isa = PBXGroup;
			children = (
				91CE3F281494131C00859FC8 /* meta */,
				912980771493F8F800D73EC7 /* main.cpp */,
				912980791493F8F800D73EC7 /* Meta.1 */,
			);
			path = Meta;
			sourceTree = "<group>";
		};
		91CE3F281494131C00859FC8 /* meta */ = {
			isa = PBXGroup;
			children = (
				91CE3F291494131C00859FC8 /* access */,
				91CE3F2F1494131C00859FC8 /* access.h */,
				91CE3F301494131C00859FC8 /* creation */,
				91CE3F341494131C00859FC8 /* creation.h */,
				91CE3F351494131C00859FC8 /* inspection */,
				91CE3F371494131C00859FC8 /* inspection.h */,
				91CE3F381494131C00859FC8 /* transformation */,
				91CE3F571494131C00859FC8 /* transformation.h */,
				91CE3F581494131C00859FC8 /* utilities */,
				91CE3F5A1494131C00859FC8 /* utilities.h */,
			);
			path = meta;
			sourceTree = "<group>";
		};
		91CE3F291494131C00859FC8 /* access */ = {
			isa = PBXGroup;
			children = (
				91CE3F2A1494131C00859FC8 /* at.h */,
				91CE3F2B1494131C00859FC8 /* get_pattern.h */,
				91CE3F2C1494131C00859FC8 /* get_types.h */,
				91CE3F2D1494131C00859FC8 /* implementation */,
			);
			path = access;
			sourceTree = "<group>";
		};
		91CE3F2D1494131C00859FC8 /* implementation */ = {
			isa = PBXGroup;
			children = (
				91CE3F2E1494131C00859FC8 /* at.h */,
			);
			path = implementation;
			sourceTree = "<group>";
		};
		91CE3F301494131C00859FC8 /* creation */ = {
			isa = PBXGroup;
			children = (
				91CE3F311494131C00859FC8 /* instantiate.h */,
				91CE3F321494131C00859FC8 /* reinstantiate.h */,
				91CE3F331494131C00859FC8 /* repattern.h */,
			);
			path = creation;
			sourceTree = "<group>";
		};
		91CE3F351494131C00859FC8 /* inspection */ = {
			isa = PBXGroup;
			children = (
				91CE3F361494131C00859FC8 /* size.h */,
			);
			path = inspection;
			sourceTree = "<group>";
		};
		91CE3F381494131C00859FC8 /* transformation */ = {
			isa = PBXGroup;
			children = (
				91CE3F391494131C00859FC8 /* clear.h */,
				91CE3F3A1494131C00859FC8 /* deletion.h */,
				91CE3F3B1494131C00859FC8 /* erase.h */,
				91CE3F3C1494131C00859FC8 /* head.h */,
				91CE3F3D1494131C00859FC8 /* implementation */,
				91CE3F4B1494131C00859FC8 /* insert.h */,
				91CE3F4C1494131C00859FC8 /* insertion.h */,
				91CE3F4D1494131C00859FC8 /* partition.h */,
				91CE3F4E1494131C00859FC8 /* pop_back.h */,
				91CE3F4F1494131C00859FC8 /* pop_front.h */,
				91CE3F501494131C00859FC8 /* push_back.h */,
				91CE3F511494131C00859FC8 /* push_front.h */,
				91CE3F521494131C00859FC8 /* replace.h */,
				91CE3F531494131C00859FC8 /* split.h */,
				91CE3F541494131C00859FC8 /* sub.h */,
				91CE3F551494131C00859FC8 /* substitution.h */,
				91CE3F561494131C00859FC8 /* tail.h */,
			);
			path = transformation;
			sourceTree = "<group>";
		};
		91CE3F3D1494131C00859FC8 /* implementation */ = {
			isa = PBXGroup;
			children = (
				91CE3F3E1494131C00859FC8 /* clear.h */,
				91CE3F3F1494131C00859FC8 /* erase.h */,
				91CE3F401494131C00859FC8 /* head.h */,
				91CE3F411494131C00859FC8 /* insert.h */,
				91CE3F421494131C00859FC8 /* merge.h */,
				91CE3F431494131C00859FC8 /* move_left.h */,
				91CE3F441494131C00859FC8 /* pop_front.h */,
				91CE3F451494131C00859FC8 /* push_back.h */,
				91CE3F461494131C00859FC8 /* push_front.h */,
				91CE3F471494131C00859FC8 /* replace.h */,
				91CE3F481494131C00859FC8 /* split.h */,
				91CE3F491494131C00859FC8 /* sub.h */,
				91CE3F4A1494131C00859FC8 /* tail.h */,
			);
			path = implementation;
			sourceTree = "<group>";
		};
		91CE3F581494131C00859FC8 /* utilities */ = {
			isa = PBXGroup;
			children = (
				91CE3F591494131C00859FC8 /* type_list.h */,
			);
			path = utilities;
			sourceTree = "<group>";
		};
/* End PBXGroup section */

/* Begin PBXNativeTarget section */
		912980721493F8F800D73EC7 /* Meta */ = {
			isa = PBXNativeTarget;
			buildConfigurationList = 9129807D1493F8F800D73EC7 /* Build configuration list for PBXNativeTarget "Meta" */;
			buildPhases = (
				9129806F1493F8F800D73EC7 /* Sources */,
				912980701493F8F800D73EC7 /* Frameworks */,
				912980711493F8F800D73EC7 /* CopyFiles */,
			);
			buildRules = (
			);
			dependencies = (
			);
			name = Meta;
			productName = Meta;
			productReference = 912980731493F8F800D73EC7 /* Meta */;
			productType = "com.apple.product-type.tool";
		};
/* End PBXNativeTarget section */

/* Begin PBXProject section */
		9129806A1493F8F800D73EC7 /* Project object */ = {
			isa = PBXProject;
			attributes = {
				LastUpgradeCheck = 0420;
			};
			buildConfigurationList = 9129806D1493F8F800D73EC7 /* Build configuration list for PBXProject "Meta" */;
			compatibilityVersion = "Xcode 3.2";
			developmentRegion = English;
			hasScannedForEncodings = 0;
			knownRegions = (
				en,
			);
			mainGroup = 912980681493F8F800D73EC7;
			productRefGroup = 912980741493F8F800D73EC7 /* Products */;
			projectDirPath = "";
			projectRoot = "";
			targets = (
				912980721493F8F800D73EC7 /* Meta */,
			);
		};
/* End PBXProject section */

/* Begin PBXSourcesBuildPhase section */
		9129806F1493F8F800D73EC7 /* Sources */ = {
			isa = PBXSourcesBuildPhase;
			buildActionMask = 2147483647;
			files = (
				912980781493F8F800D73EC7 /* main.cpp in Sources */,
			);
			runOnlyForDeploymentPostprocessing = 0;
		};
/* End PBXSourcesBuildPhase section */

/* Begin XCBuildConfiguration section */
		9129807B1493F8F800D73EC7 /* Debug */ = {
			isa = XCBuildConfiguration;
			buildSettings = {
				ALWAYS_SEARCH_USER_PATHS = NO;
				ARCHS = "$(ARCHS_STANDARD_64_BIT)";
				CLANG_CXX_LANGUAGE_STANDARD = "c++0x";
				CLANG_CXX_LIBRARY = "libc++";
				COPY_PHASE_STRIP = NO;
				GCC_C_LANGUAGE_STANDARD = gnu99;
				GCC_DYNAMIC_NO_PIC = NO;
				GCC_ENABLE_OBJC_EXCEPTIONS = YES;
				GCC_OPTIMIZATION_LEVEL = 0;
				GCC_PREPROCESSOR_DEFINITIONS = (
					"DEBUG=1",
					"$(inherited)",
				);
				GCC_SYMBOLS_PRIVATE_EXTERN = NO;
				GCC_VERSION = com.apple.compilers.llvm.clang.1_0;
				GCC_WARN_64_TO_32_BIT_CONVERSION = YES;
				GCC_WARN_ABOUT_MISSING_PROTOTYPES = YES;
				GCC_WARN_ABOUT_RETURN_TYPE = YES;
				GCC_WARN_UNUSED_VARIABLE = YES;
				HEADER_SEARCH_PATHS = $SRCROOT/Meta;
				MACOSX_DEPLOYMENT_TARGET = 10.7;
				ONLY_ACTIVE_ARCH = YES;
				SDKROOT = macosx;
			};
			name = Debug;
		};
		9129807C1493F8F800D73EC7 /* Release */ = {
			isa = XCBuildConfiguration;
			buildSettings = {
				ALWAYS_SEARCH_USER_PATHS = NO;
				ARCHS = "$(ARCHS_STANDARD_64_BIT)";
				CLANG_CXX_LANGUAGE_STANDARD = "c++0x";
				CLANG_CXX_LIBRARY = "libc++";
				COPY_PHASE_STRIP = YES;
				DEBUG_INFORMATION_FORMAT = "dwarf-with-dsym";
				GCC_C_LANGUAGE_STANDARD = gnu99;
				GCC_ENABLE_OBJC_EXCEPTIONS = YES;
				GCC_VERSION = com.apple.compilers.llvm.clang.1_0;
				GCC_WARN_64_TO_32_BIT_CONVERSION = YES;
				GCC_WARN_ABOUT_MISSING_PROTOTYPES = YES;
				GCC_WARN_ABOUT_RETURN_TYPE = YES;
				GCC_WARN_UNUSED_VARIABLE = YES;
				HEADER_SEARCH_PATHS = $SRCROOT/Meta;
				MACOSX_DEPLOYMENT_TARGET = 10.7;
				SDKROOT = macosx;
			};
			name = Release;
		};
		9129807E1493F8F800D73EC7 /* Debug */ = {
			isa = XCBuildConfiguration;
			buildSettings = {
				PRODUCT_NAME = "$(TARGET_NAME)";
			};
			name = Debug;
		};
		9129807F1493F8F800D73EC7 /* Release */ = {
			isa = XCBuildConfiguration;
			buildSettings = {
				PRODUCT_NAME = "$(TARGET_NAME)";
			};
			name = Release;
		};
/* End XCBuildConfiguration section */

/* Begin XCConfigurationList section */
		9129806D1493F8F800D73EC7 /* Build configuration list for PBXProject "Meta" */ = {
			isa = XCConfigurationList;
			buildConfigurations = (
				9129807B1493F8F800D73EC7 /* Debug */,
				9129807C1493F8F800D73EC7 /* Release */,
			);
			defaultConfigurationIsVisible = 0;
			defaultConfigurationName = Release;
		};
		9129807D1493F8F800D73EC7 /* Build configuration list for PBXNativeTarget "Meta" */ = {
			isa = XCConfigurationList;
			buildConfigurations = (
				9129807E1493F8F800D73EC7 /* Debug */,
				9129807F1493F8F800D73EC7 /* Release */,
			);
			defaultConfigurationIsVisible = 0;
			defaultConfigurationName = Release;
		};
/* End XCConfigurationList section */
	};
	rootObject = 9129806A1493F8F800D73EC7 /* Project object */;
}
